# This file is generated by running "yarn install" inside your project.
# Manual changes might be lost - proceed with caution!

__metadata:
  version: 10
  cacheKey: 10

"@suuudokuuu/vercel-functions@workspace:.":
  version: 0.0.0-use.local
  resolution: "@suuudokuuu/vercel-functions@workspace:."
  dependencies:
    zod: "npm:4.4.3"
  languageName: unknown
  linkType: soft

"zod@npm:4.4.3":
  version: 4.4.3
  resolution: "zod@npm:4.4.3"
  checksum: 10/804b9a42aa8f35f2b3c5a8dff906291cb749115f83ee2afe3576d70b5b5c53c965365c7f4967690647a9c54af9838ff232a85ff9577a0a36c44b68bc6cdefe36
  languageName: node
  linkType: hard
