# This file is generated by running "yarn install" inside your project.
# Manual changes might be lost - proceed with caution!

__metadata:
  version: 10
  cacheKey: 10

"@suuudokuuu/vercel-functions@workspace:.":
  version: 0.0.0-use.local
  resolution: "@suuudokuuu/vercel-functions@workspace:."
  dependencies:
    "@types/node": "npm:26.0.1"
    typescript: "npm:6.0.3"
    zod: "npm:4.4.3"
  languageName: unknown
  linkType: soft

"@types/node@npm:26.0.1":
  version: 26.0.1
  resolution: "@types/node@npm:26.0.1"
  dependencies:
    undici-types: "npm:~8.3.0"
  checksum: 10/c312909c89c4f52291084d5b8b67c119f3c3adce9bdd5e57da74cb4d05059021b2b2b6b5eb52ccb086d66397b5793864e4d48b17d608ab42c27cfc193d337823
  languageName: node
  linkType: hard

"typescript@npm:6.0.3":
  version: 6.0.3
  resolution: "typescript@npm:6.0.3"
  bin:
    tsc: bin/tsc
    tsserver: bin/tsserver
  checksum: 10/0ef2357a4cffd916b52b683a021cdab0f81eea4e9aa35f2d254581c9a5106da02224e3392e1b0ed42b7a48f80c966e5f52b8e1a27941fa0523c1705a9c2e0330
  languageName: node
  linkType: hard

"typescript@patch:typescript@npm%3A6.0.3#optional!builtin<compat/typescript>":
  version: 6.0.3
  resolution: "typescript@patch:typescript@npm%3A6.0.3#optional!builtin<compat/typescript>::version=6.0.3&hash=5786d5"
  bin:
    tsc: bin/tsc
    tsserver: bin/tsserver
  checksum: 10/22b67a18dafedf9b1468b64ca20d9aa02ea61d449b65413d8aa6552aeb63f52ef369e86beb25b6b4c91a803d9726ee5c196f391a9b64201263263410a4223ee6
  languageName: node
  linkType: hard

"undici-types@npm:~8.3.0":
  version: 8.3.0
  resolution: "undici-types@npm:8.3.0"
  checksum: 10/6681d2837ac75a75ac1cc46090aa2b8ddc7c6b8ecc295a6cdb06838752a730da3d8afeecf05e5ab7903160eafad3a8b6ffa1927e5ded260590f4d4fef18646d5
  languageName: node
  linkType: hard

"zod@npm:4.4.3":
  version: 4.4.3
  resolution: "zod@npm:4.4.3"
  checksum: 10/804b9a42aa8f35f2b3c5a8dff906291cb749115f83ee2afe3576d70b5b5c53c965365c7f4967690647a9c54af9838ff232a85ff9577a0a36c44b68bc6cdefe36
  languageName: node
  linkType: hard
